
Microsoft Visual Studio Solution File, Format Version 12.00
# Visual Studio 15
VisualStudioVersion = 15.0.26730.12
MinimumVisualStudioVersion = 10.0.40219.1
Project("{8BC9CEB8-8B4A-11D0-8D11-00A0C91BC942}") = "EWeek2018", "EWeek2018\EWeek2018.vcxproj", "{76B253D7-0D80-4D6E-925B-C26D384B1FCE}"
EndProject
Global
	GlobalSection(SolutionConfigurationPlatforms) = preSolution
		Debug|x64 = Debug|x64
		Debug|x86 = Debug|x86
		Release|x64 = Release|x64
		Release|x86 = Release|x86
	EndGlobalSection
	GlobalSection(ProjectConfigurationPlatforms) = postSolution
		{76B253D7-0D80-4D6E-925B-C26D384B1FCE}.Debug|x64.ActiveCfg = Debug|x64
		{76B253D7-0D80-4D6E-925B-C26D384B1FCE}.Debug|x64.Build.0 = Debug|x64
		{76B253D7-0D80-4D6E-925B-C26D384B1FCE}.Debug|x86.ActiveCfg = Debug|Win32
		{76B253D7-0D80-4D6E-925B-C26D384B1FCE}.Debug|x86.Build.0 = Debug|Win32
		{76B253D7-0D80-4D6E-925B-C26D384B1FCE}.Release|x64.ActiveCfg = Release|x64
		{76B253D7-0D80-4D6E-925B-C26D384B1FCE}.Release|x64.Build.0 = Release|x64
		{76B253D7-0D80-4D6E-925B-C26D384B1FCE}.Release|x86.ActiveCfg = Release|Win32
		{76B253D7-0D80-4D6E-925B-C26D384B1FCE}.Release|x86.Build.0 = Release|Win32
	EndGlobalSection
	GlobalSection(SolutionProperties) = preSolution
		HideSolutionNode = FALSE
	EndGlobalSection
	GlobalSection(ExtensibilityGlobals) = postSolution
		SolutionGuid = {1049ED5F-05EA-4AAA-B8F4-840F18F9B815}
	EndGlobalSection
EndGlobal
